
Microsoft Visual Studio Solution File, Format Version 12.00
# Visual Studio Version 16
VisualStudioVersion = 16.0.31911.196
MinimumVisualStudioVersion = 10.0.40219.1
Project("{FAE04EC0-301F-11D3-BF4B-00C04F79EFBC}") = "Visual_Lab_7", "Visual_Lab_7\Visual_Lab_7.csproj", "{181BD114-899D-4E59-BF1E-D643058BA020}"
EndProject
Global
	GlobalSection(SolutionConfigurationPlatforms) = preSolution
		Debug|Any CPU = Debug|Any CPU
		Release|Any CPU = Release|Any CPU
	EndGlobalSection
	GlobalSection(ProjectConfigurationPlatforms) = postSolution
		{181BD114-899D-4E59-BF1E-D643058BA020}.Debug|Any CPU.ActiveCfg = Debug|Any CPU
		{181BD114-899D-4E59-BF1E-D643058BA020}.Debug|Any CPU.Build.0 = Debug|Any CPU
		{181BD114-899D-4E59-BF1E-D643058BA020}.Release|Any CPU.ActiveCfg = Release|Any CPU
		{181BD114-899D-4E59-BF1E-D643058BA020}.Release|Any CPU.Build.0 = Release|Any CPU
	EndGlobalSection
	GlobalSection(SolutionProperties) = preSolution
		HideSolutionNode = FALSE
	EndGlobalSection
	GlobalSection(ExtensibilityGlobals) = postSolution
		SolutionGuid = {B675307D-DE13-44F7-A01F-B248436F2F54}
	EndGlobalSection
EndGlobal
